PODS:
  - AGIOSFramework (2.0.0):
    - AliyunOSSiOS
  - Alamofire (5.9.1)
  - AliyunOSSiOS (2.10.22)

DEPENDENCIES:
  - AGIOSFramework (from `https://raw.githubusercontent.com/AganTechnology/AGIOSFramework/main/AGIOSFramework.podspec`)
  - Alamofire

SPEC REPOS:
  trunk:
    - Alamofire
    - AliyunOSSiOS

EXTERNAL SOURCES:
  AGIOSFramework:
    :podspec: https://raw.githubusercontent.com/AganTechnology/AGIOSFramework/main/AGIOSFramework.podspec

SPEC CHECKSUMS:
  AGIOSFramework: c4205164f3d46197dabf2e175311e0dfc51ec8f5
  Alamofire: f36a35757af4587d8e4f4bfa223ad10be2422b8c
  AliyunOSSiOS: b46648fd78909a567e3743fe94183748a407b175

PODFILE CHECKSUM: c8162917aa2937d219c9f8f7b1662aa3f216a460

COCOAPODS: 1.15.2
