PODS:
  - AGEngineKits (2.2.0):
    - AliyunOSSiOS
  - Alamofire (5.9.1)
  - AliyunOSSiOS (2.10.22)

DEPENDENCIES:
  - AGEngineKits (~> 2.2.0)
  - Alamofire

SPEC REPOS:
  https://github.com/CocoaPods/Specs.git:
    - AGEngineKits
    - Alamofire
    - AliyunOSSiOS

SPEC CHECKSUMS:
  AGEngineKits: ad022bfc63917bc75042138d3199edc7ab287d33
  Alamofire: f36a35757af4587d8e4f4bfa223ad10be2422b8c
  AliyunOSSiOS: b46648fd78909a567e3743fe94183748a407b175

PODFILE CHECKSUM: aa57550aaeb3ffe447edf1a07fe168bdf085c5c1

COCOAPODS: 1.15.2
